PODS:
  - Alamofire (4.8.2)
  - Crashlytics (3.12.0):
    - Fabric (~> 1.9.0)
  - Fabric (1.9.0)
  - FacebookCore (0.8.0):
    - FBSDKCoreKit (~> 5.0)
  - FacebookLogin (0.8.0):
    - FacebookCore (~> 0.8.0)
    - FBSDKCoreKit (~> 5.0)
    - FBSDKLoginKit (~> 5.0)
  - FBSDKCoreKit (5.3.0):
    - FBSDKCoreKit/Basics (= 5.3.0)
    - FBSDKCoreKit/Core (= 5.3.0)
  - FBSDKCoreKit/Basics (5.3.0)
  - FBSDKCoreKit/Core (5.3.0):
    - FBSDKCoreKit/Basics
  - FBSDKLoginKit (5.3.0):
    - FBSDKCoreKit (~> 5.0)
  - Firebase/Auth (6.6.0):
    - Firebase/CoreOnly
    - FirebaseAuth (~> 6.2.2)
  - Firebase/Core (6.6.0):
    - Firebase/CoreOnly
    - FirebaseAnalytics (= 6.1.0)
  - Firebase/CoreOnly (6.6.0):
    - FirebaseCore (= 6.2.0)
  - Firebase/Database (6.6.0):
    - Firebase/CoreOnly
    - FirebaseDatabase (~> 6.0.0)
  - Firebase/Messaging (6.6.0):
    - Firebase/CoreOnly
    - FirebaseMessaging (~> 4.1.2)
  - Firebase/Performance (6.6.0):
    - Firebase/CoreOnly
    - FirebasePerformance (~> 3.1.2)
  - Firebase/Storage (6.6.0):
    - Firebase/CoreOnly
    - FirebaseStorage (~> 3.4.0)
  - FirebaseABTesting (3.0.0):
    - FirebaseCore (~> 6.0)
    - Protobuf (~> 3.5)
  - FirebaseAnalytics (6.1.0):
    - FirebaseCore (~> 6.2)
    - FirebaseInstanceID (~> 4.2)
    - GoogleAppMeasurement (= 6.1.0)
    - GoogleUtilities/AppDelegateSwizzler (~> 6.0)
    - GoogleUtilities/MethodSwizzler (~> 6.0)
    - GoogleUtilities/Network (~> 6.0)
    - "GoogleUtilities/NSData+zlib (~> 6.0)"
    - nanopb (~> 0.3)
  - FirebaseAnalyticsInterop (1.3.0)
  - FirebaseAuth (6.2.2):
    - FirebaseAuthInterop (~> 1.0)
    - FirebaseCore (~> 6.2)
    - GoogleUtilities/AppDelegateSwizzler (~> 6.2)
    - GoogleUtilities/Environment (~> 6.2)
    - GTMSessionFetcher/Core (~> 1.1)
  - FirebaseAuthInterop (1.0.0)
  - FirebaseCore (6.2.0):
    - FirebaseCoreDiagnostics (~> 1.0)
    - FirebaseCoreDiagnosticsInterop (~> 1.0)
    - GoogleUtilities/Environment (~> 6.2)
    - GoogleUtilities/Logger (~> 6.2)
  - FirebaseCoreDiagnostics (1.0.0):
    - FirebaseCoreDiagnosticsInterop (~> 1.0)
    - GoogleDataTransportCCTSupport (~> 1.0)
    - GoogleUtilities/Environment (~> 6.2)
    - GoogleUtilities/Logger (~> 6.2)
  - FirebaseCoreDiagnosticsInterop (1.0.0)
  - FirebaseDatabase (6.0.0):
    - FirebaseAuthInterop (~> 1.0)
    - FirebaseCore (~> 6.0)
    - leveldb-library (~> 1.18)
  - FirebaseInstanceID (4.2.3):
    - FirebaseCore (~> 6.0)
    - GoogleUtilities/Environment (~> 6.0)
    - GoogleUtilities/UserDefaults (~> 6.0)
  - FirebaseMessaging (4.1.2):
    - FirebaseAnalyticsInterop (~> 1.3)
    - FirebaseCore (~> 6.2)
    - FirebaseInstanceID (~> 4.1)
    - GoogleUtilities/AppDelegateSwizzler (~> 6.2)
    - GoogleUtilities/Environment (~> 6.2)
    - GoogleUtilities/Reachability (~> 6.2)
    - GoogleUtilities/UserDefaults (~> 6.2)
    - Protobuf (~> 3.1)
  - FirebasePerformance (3.1.2):
    - FirebaseCore (~> 6.2)
    - FirebaseInstanceID (~> 4.2)
    - FirebaseRemoteConfig (~> 4.2)
    - GoogleToolboxForMac/Logger (~> 2.1)
    - "GoogleToolboxForMac/NSData+zlib (~> 2.1)"
    - GoogleUtilities/Environment (~> 6.0)
    - GoogleUtilities/ISASwizzler (~> 6.0)
    - GoogleUtilities/MethodSwizzler (~> 6.0)
    - GTMSessionFetcher/Core (~> 1.1)
    - Protobuf (~> 3.5)
  - FirebaseRemoteConfig (4.2.1):
    - FirebaseABTesting (~> 3.0)
    - FirebaseCore (~> 6.1)
    - FirebaseInstanceID (~> 4.2)
    - GoogleUtilities/Environment (~> 6.0)
    - "GoogleUtilities/NSData+zlib (~> 6.0)"
    - Protobuf (~> 3.5)
  - FirebaseStorage (3.4.0):
    - FirebaseAuthInterop (~> 1.0)
    - FirebaseCore (~> 6.0)
    - GTMSessionFetcher/Core (~> 1.1)
  - GoogleAppMeasurement (6.1.0):
    - GoogleUtilities/AppDelegateSwizzler (~> 6.0)
    - GoogleUtilities/MethodSwizzler (~> 6.0)
    - GoogleUtilities/Network (~> 6.0)
    - "GoogleUtilities/NSData+zlib (~> 6.0)"
    - nanopb (~> 0.3)
  - GoogleDataTransport (1.0.0)
  - GoogleDataTransportCCTSupport (1.0.0):
    - GoogleDataTransport (~> 1.0)
    - nanopb
  - GoogleToolboxForMac/Defines (2.2.1)
  - GoogleToolboxForMac/Logger (2.2.1):
    - GoogleToolboxForMac/Defines (= 2.2.1)
  - "GoogleToolboxForMac/NSData+zlib (2.2.1)":
    - GoogleToolboxForMac/Defines (= 2.2.1)
  - GoogleUtilities/AppDelegateSwizzler (6.2.4):
    - GoogleUtilities/Environment
    - GoogleUtilities/Logger
    - GoogleUtilities/Network
  - GoogleUtilities/Environment (6.2.4)
  - GoogleUtilities/ISASwizzler (6.2.4)
  - GoogleUtilities/Logger (6.2.4):
    - GoogleUtilities/Environment
  - GoogleUtilities/MethodSwizzler (6.2.4):
    - GoogleUtilities/Logger
  - GoogleUtilities/Network (6.2.4):
    - GoogleUtilities/Logger
    - "GoogleUtilities/NSData+zlib"
    - GoogleUtilities/Reachability
  - "GoogleUtilities/NSData+zlib (6.2.4)"
  - GoogleUtilities/Reachability (6.2.4):
    - GoogleUtilities/Logger
  - GoogleUtilities/UserDefaults (6.2.4):
    - GoogleUtilities/Logger
  - GTMSessionFetcher/Core (1.2.2)
  - InputBarAccessoryView (4.2.2)
  - Kingfisher (5.7.0)
  - leveldb-library (1.20)
  - mailcore2-ios (0.6.4)
  - MessageKit (3.0.0):
    - InputBarAccessoryView (~> 4.2.2)
  - nanopb (0.3.901):
    - nanopb/decode (= 0.3.901)
    - nanopb/encode (= 0.3.901)
  - nanopb/decode (0.3.901)
  - nanopb/encode (0.3.901)
  - Protobuf (3.9.0)
  - Stripe (16.0.3)
  - SwiftyJSON (5.0.0)

DEPENDENCIES:
  - Alamofire
  - Crashlytics (~> 3.12.0)
  - Fabric (~> 1.9.0)
  - FacebookCore
  - FacebookLogin
  - FBSDKCoreKit
  - FBSDKLoginKit
  - Firebase/Auth
  - Firebase/Core
  - Firebase/Database
  - Firebase/Messaging
  - Firebase/Performance
  - Firebase/Storage
  - Kingfisher
  - mailcore2-ios
  - MessageKit
  - Stripe
  - SwiftyJSON

SPEC REPOS:
  https://github.com/cocoapods/specs.git:
    - Alamofire
    - Crashlytics
    - Fabric
    - FacebookCore
    - FacebookLogin
    - FBSDKCoreKit
    - FBSDKLoginKit
    - Firebase
    - FirebaseABTesting
    - FirebaseAnalytics
    - FirebaseAnalyticsInterop
    - FirebaseAuth
    - FirebaseAuthInterop
    - FirebaseCore
    - FirebaseCoreDiagnostics
    - FirebaseCoreDiagnosticsInterop
    - FirebaseDatabase
    - FirebaseInstanceID
    - FirebaseMessaging
    - FirebasePerformance
    - FirebaseRemoteConfig
    - FirebaseStorage
    - GoogleAppMeasurement
    - GoogleDataTransport
    - GoogleDataTransportCCTSupport
    - GoogleToolboxForMac
    - GoogleUtilities
    - GTMSessionFetcher
    - InputBarAccessoryView
    - Kingfisher
    - leveldb-library
    - mailcore2-ios
    - MessageKit
    - nanopb
    - Protobuf
    - Stripe
    - SwiftyJSON

SPEC CHECKSUMS:
  Alamofire: ae5c501addb7afdbb13687d7f2f722c78734c2d3
  Crashlytics: 07fb167b1694128c1c9a5a5cc319b0e9c3ca0933
  Fabric: f988e33c97f08930a413e08123064d2e5f68d655
  FacebookCore: 563bb4cbcd7dd86cf89f3729252140bf256aacaa
  FacebookLogin: 8b966ae661e95e7dba837d7cc49cc464ce003dba
  FBSDKCoreKit: 39748deefe37a005f983722e433be2ddcdd83ae7
  FBSDKLoginKit: bc0329e10045789e8d40b12d4f15ddbd07a898e2
  Firebase: a2b5951f30ff38fd3b3bdae9c7d340f940fd3c51
  FirebaseABTesting: a32c488eb75089a61eb3d86db061dfb909d765db
  FirebaseAnalytics: 48414ae5cbf6976d8a2f7177e0466540e5ab33ce
  FirebaseAnalyticsInterop: 0f250d71e8741352407a8db351e6de78c5c56d35
  FirebaseAuth: 2be1924ddbc741fe2a02cb6963ca747e09a2e05c
  FirebaseAuthInterop: 0ffa57668be100582bb7643d4fcb7615496c41fc
  FirebaseCore: 8c9e08bce0c72a3affd83927d8184cf244918bc8
  FirebaseCoreDiagnostics: 5807d8a32ea4455d6476da6de828675f89a8d8f3
  FirebaseCoreDiagnosticsInterop: 6829da2b8d1fc795ff1bd99df751d3788035d2cb
  FirebaseDatabase: f48e067716864be2b855cf716b927ef375d6cfa0
  FirebaseInstanceID: 8b42755db950682e7de0d167bc6fb26a57b244af
  FirebaseMessaging: ddd74d13644ef24cc4e2d95cabd1cf408e99b7b0
  FirebasePerformance: 270bab0bfa55e067ffd839e4ce4e592a1bdeebd6
  FirebaseRemoteConfig: ed74d16d7e5b19e77a4c3e3eee4fe363039b0834
  FirebaseStorage: 618dd8fd886b30adf6e5d1915b1f5c18cb5c3944
  GoogleAppMeasurement: 47285fa897e5a125df56b9ef8750a1d81e4598a8
  GoogleDataTransport: fe6af28a312ae5a56d5cec00ff14f6e3ded3beef
  GoogleDataTransportCCTSupport: e6fa721757b147d7f1481d7367b8dab3e9010889
  GoogleToolboxForMac: b3553629623a3b1bff17f555e736cd5a6d95ad55
  GoogleUtilities: 64b5e3982b1b01bda26712affd5c523ef32563cf
  GTMSessionFetcher: 61bb0f61a4cb560030f1222021178008a5727a23
  InputBarAccessoryView: 2b937602598e2fab3149f37f51dd7ad795653812
  Kingfisher: c7d211b54f1f30d8060aadab177d52b4349c825b
  leveldb-library: 08cba283675b7ed2d99629a4bc5fd052cd2bb6a5
  mailcore2-ios: 3ff0be2fa553d4da9c11d39c11d51863c768f24f
  MessageKit: e892a9ca49ebe6d82684d3a93ad84021fa23e2c6
  nanopb: 2901f78ea1b7b4015c860c2fdd1ea2fee1a18d48
  Protobuf: 1097ca58584c8d9be81bfbf2c5ff5975648dd87a
  Stripe: 82a77b8dd26be83555f8ca9a3cc034dfda81fc40
  SwiftyJSON: 36413e04c44ee145039d332b4f4e2d3e8d6c4db7

PODFILE CHECKSUM: f5b8da821931ce673ca060b5844835348ea74cd8

COCOAPODS: 1.7.1
